
Microsoft Visual Studio Solution File, Format Version 12.00
# Visual Studio Version 17
VisualStudioVersion = 17.5.33627.172
MinimumVisualStudioVersion = 10.0.40219.1
Project("{FAE04EC0-301F-11D3-BF4B-00C04F79EFBC}") = "Lab 02 Question no 04", "Lab 02 Question no 04\Lab 02 Question no 04.csproj", "{BFC19CE9-6844-49F7-9EF7-A7E77538F43B}"
EndProject
Global
	GlobalSection(SolutionConfigurationPlatforms) = preSolution
		Debug|Any CPU = Debug|Any CPU
		Release|Any CPU = Release|Any CPU
	EndGlobalSection
	GlobalSection(ProjectConfigurationPlatforms) = postSolution
		{BFC19CE9-6844-49F7-9EF7-A7E77538F43B}.Debug|Any CPU.ActiveCfg = Debug|Any CPU
		{BFC19CE9-6844-49F7-9EF7-A7E77538F43B}.Debug|Any CPU.Build.0 = Debug|Any CPU
		{BFC19CE9-6844-49F7-9EF7-A7E77538F43B}.Release|Any CPU.ActiveCfg = Release|Any CPU
		{BFC19CE9-6844-49F7-9EF7-A7E77538F43B}.Release|Any CPU.Build.0 = Release|Any CPU
	EndGlobalSection
	GlobalSection(SolutionProperties) = preSolution
		HideSolutionNode = FALSE
	EndGlobalSection
	GlobalSection(ExtensibilityGlobals) = postSolution
		SolutionGuid = {96098032-E4C7-44FE-83A8-CBEECC1FAE5F}
	EndGlobalSection
EndGlobal
