
Microsoft Visual Studio Solution File, Format Version 12.00
# Visual Studio Version 17
VisualStudioVersion = 17.5.33627.172
MinimumVisualStudioVersion = 10.0.40219.1
Project("{FAE04EC0-301F-11D3-BF4B-00C04F79EFBC}") = "Lab 02 Question no 01", "Lab 02 Question no 01\Lab 02 Question no 01.csproj", "{59E4663D-85EC-489F-A7AC-43B413C0B71E}"
EndProject
Global
	GlobalSection(SolutionConfigurationPlatforms) = preSolution
		Debug|Any CPU = Debug|Any CPU
		Release|Any CPU = Release|Any CPU
	EndGlobalSection
	GlobalSection(ProjectConfigurationPlatforms) = postSolution
		{59E4663D-85EC-489F-A7AC-43B413C0B71E}.Debug|Any CPU.ActiveCfg = Debug|Any CPU
		{59E4663D-85EC-489F-A7AC-43B413C0B71E}.Debug|Any CPU.Build.0 = Debug|Any CPU
		{59E4663D-85EC-489F-A7AC-43B413C0B71E}.Release|Any CPU.ActiveCfg = Release|Any CPU
		{59E4663D-85EC-489F-A7AC-43B413C0B71E}.Release|Any CPU.Build.0 = Release|Any CPU
	EndGlobalSection
	GlobalSection(SolutionProperties) = preSolution
		HideSolutionNode = FALSE
	EndGlobalSection
	GlobalSection(ExtensibilityGlobals) = postSolution
		SolutionGuid = {B9490853-2279-4666-BFA8-2A895CAC29A4}
	EndGlobalSection
EndGlobal
